// !$*UTF8*$!
{
	archiveVersion = 1;
	classes = {
	};
	objectVersion = 46;
	objects = {

/* Begin PBXBuildFile section */
		A218F2BE1BC2AED6004C8017 /* AppDelegate.swift in Sources */ = {isa = PBXBuildFile; fileRef = A218F2BD1BC2AED6004C8017 /* AppDelegate.swift */; };
		A218F2C01BC2AED6004C8017 /* QuoteListViewController.swift in Sources */ = {isa = PBXBuildFile; fileRef = A218F2BF1BC2AED6004C8017 /* QuoteListViewController.swift */; };
		A218F2C31BC2AED6004C8017 /* Main.storyboard in Resources */ = {isa = PBXBuildFile; fileRef = A218F2C11BC2AED6004C8017 /* Main.storyboard */; };
		A218F2C61BC2AED6004C8017 /* DemoQuote.xcdatamodeld in Sources */ = {isa = PBXBuildFile; fileRef = A218F2C41BC2AED6004C8017 /* DemoQuote.xcdatamodeld */; };
		A218F2C81BC2AED6004C8017 /* Assets.xcassets in Resources */ = {isa = PBXBuildFile; fileRef = A218F2C71BC2AED6004C8017 /* Assets.xcassets */; };
		A218F2CB1BC2AED6004C8017 /* LaunchScreen.storyboard in Resources */ = {isa = PBXBuildFile; fileRef = A218F2C91BC2AED6004C8017 /* LaunchScreen.storyboard */; };
		A218F2D61BC2AED7004C8017 /* DemoQuoteTests.swift in Sources */ = {isa = PBXBuildFile; fileRef = A218F2D51BC2AED7004C8017 /* DemoQuoteTests.swift */; };
		A218F2E11BC2AED7004C8017 /* DemoQuoteUITests.swift in Sources */ = {isa = PBXBuildFile; fileRef = A218F2E01BC2AED7004C8017 /* DemoQuoteUITests.swift */; };
		A218F2EF1BC2B261004C8017 /* Quote.swift in Sources */ = {isa = PBXBuildFile; fileRef = A218F2EE1BC2B261004C8017 /* Quote.swift */; };
		A218F2F11BC2C541004C8017 /* NewQuoteViewController.swift in Sources */ = {isa = PBXBuildFile; fileRef = A218F2F01BC2C541004C8017 /* NewQuoteViewController.swift */; };
		A2C797341BC43E8600E6847A /* QuoteListViewModel.swift in Sources */ = {isa = PBXBuildFile; fileRef = A2C797331BC43E8600E6847A /* QuoteListViewModel.swift */; };
		A2C797361BC441D100E6847A /* MyContext.swift in Sources */ = {isa = PBXBuildFile; fileRef = A2C797351BC441D100E6847A /* MyContext.swift */; };
		A2C797381BC4428B00E6847A /* NewQuoteViewModel.swift in Sources */ = {isa = PBXBuildFile; fileRef = A2C797371BC4428B00E6847A /* NewQuoteViewModel.swift */; };
		A2C7973A1BC49B0200E6847A /* NewQuoteViewModelDelegate.swift in Sources */ = {isa = PBXBuildFile; fileRef = A2C797391BC49B0200E6847A /* NewQuoteViewModelDelegate.swift */; };
/* End PBXBuildFile section */

/* Begin PBXContainerItemProxy section */
		A218F2D21BC2AED7004C8017 /* PBXContainerItemProxy */ = {
			isa = PBXContainerItemProxy;
			containerPortal = A218F2B21BC2AED6004C8017 /* Project object */;
			proxyType = 1;
			remoteGlobalIDString = A218F2B91BC2AED6004C8017;
			remoteInfo = DemoQuote;
		};
		A218F2DD1BC2AED7004C8017 /* PBXContainerItemProxy */ = {
			isa = PBXContainerItemProxy;
			containerPortal = A218F2B21BC2AED6004C8017 /* Project object */;
			proxyType = 1;
			remoteGlobalIDString = A218F2B91BC2AED6004C8017;
			remoteInfo = DemoQuote;
		};
/* End PBXContainerItemProxy section */

/* Begin PBXFileReference section */
		A218F2BA1BC2AED6004C8017 /* DemoQuote.app */ = {isa = PBXFileReference; explicitFileType = wrapper.application; includeInIndex = 0; path = DemoQuote.app; sourceTree = BUILT_PRODUCTS_DIR; };
		A218F2BD1BC2AED6004C8017 /* AppDelegate.swift */ = {isa = PBXFileReference; lastKnownFileType = sourcecode.swift; path = AppDelegate.swift; sourceTree = "<group>"; };
		A218F2BF1BC2AED6004C8017 /* QuoteListViewController.swift */ = {isa = PBXFileReference; lastKnownFileType = sourcecode.swift; path = QuoteListViewController.swift; sourceTree = "<group>"; };
		A218F2C21BC2AED6004C8017 /* Base */ = {isa = PBXFileReference; lastKnownFileType = file.storyboard; name = Base; path = Base.lproj/Main.storyboard; sourceTree = "<group>"; };
		A218F2C51BC2AED6004C8017 /* DemoQuote.xcdatamodel */ = {isa = PBXFileReference; lastKnownFileType = wrapper.xcdatamodel; path = DemoQuote.xcdatamodel; sourceTree = "<group>"; };
		A218F2C71BC2AED6004C8017 /* Assets.xcassets */ = {isa = PBXFileReference; lastKnownFileType = folder.assetcatalog; path = Assets.xcassets; sourceTree = "<group>"; };
		A218F2CA1BC2AED6004C8017 /* Base */ = {isa = PBXFileReference; lastKnownFileType = file.storyboard; name = Base; path = Base.lproj/LaunchScreen.storyboard; sourceTree = "<group>"; };
		A218F2CC1BC2AED6004C8017 /* Info.plist */ = {isa = PBXFileReference; lastKnownFileType = text.plist.xml; path = Info.plist; sourceTree = "<group>"; };
		A218F2D11BC2AED7004C8017 /* DemoQuoteTests.xctest */ = {isa = PBXFileReference; explicitFileType = wrapper.cfbundle; includeInIndex = 0; path = DemoQuoteTests.xctest; sourceTree = BUILT_PRODUCTS_DIR; };
		A218F2D51BC2AED7004C8017 /* DemoQuoteTests.swift */ = {isa = PBXFileReference; lastKnownFileType = sourcecode.swift; path = DemoQuoteTests.swift; sourceTree = "<group>"; };
		A218F2D71BC2AED7004C8017 /* Info.plist */ = {isa = PBXFileReference; lastKnownFileType = text.plist.xml; path = Info.plist; sourceTree = "<group>"; };
		A218F2DC1BC2AED7004C8017 /* DemoQuoteUITests.xctest */ = {isa = PBXFileReference; explicitFileType = wrapper.cfbundle; includeInIndex = 0; path = DemoQuoteUITests.xctest; sourceTree = BUILT_PRODUCTS_DIR; };
		A218F2E01BC2AED7004C8017 /* DemoQuoteUITests.swift */ = {isa = PBXFileReference; lastKnownFileType = sourcecode.swift; path = DemoQuoteUITests.swift; sourceTree = "<group>"; };
		A218F2E21BC2AED7004C8017 /* Info.plist */ = {isa = PBXFileReference; lastKnownFileType = text.plist.xml; path = Info.plist; sourceTree = "<group>"; };
		A218F2EE1BC2B261004C8017 /* Quote.swift */ = {isa = PBXFileReference; fileEncoding = 4; lastKnownFileType = sourcecode.swift; path = Quote.swift; sourceTree = "<group>"; };
		A218F2F01BC2C541004C8017 /* NewQuoteViewController.swift */ = {isa = PBXFileReference; fileEncoding = 4; lastKnownFileType = sourcecode.swift; path = NewQuoteViewController.swift; sourceTree = "<group>"; };
		A2C797331BC43E8600E6847A /* QuoteListViewModel.swift */ = {isa = PBXFileReference; fileEncoding = 4; lastKnownFileType = sourcecode.swift; path = QuoteListViewModel.swift; sourceTree = "<group>"; };
		A2C797351BC441D100E6847A /* MyContext.swift */ = {isa = PBXFileReference; fileEncoding = 4; lastKnownFileType = sourcecode.swift; path = MyContext.swift; sourceTree = "<group>"; };
		A2C797371BC4428B00E6847A /* NewQuoteViewModel.swift */ = {isa = PBXFileReference; fileEncoding = 4; lastKnownFileType = sourcecode.swift; path = NewQuoteViewModel.swift; sourceTree = "<group>"; };
		A2C797391BC49B0200E6847A /* NewQuoteViewModelDelegate.swift */ = {isa = PBXFileReference; fileEncoding = 4; lastKnownFileType = sourcecode.swift; path = NewQuoteViewModelDelegate.swift; sourceTree = "<group>"; };
/* End PBXFileReference section */

/* Begin PBXFrameworksBuildPhase section */
		A218F2B71BC2AED6004C8017 /* Frameworks */ = {
			isa = PBXFrameworksBuildPhase;
			buildActionMask = 2147483647;
			files = (
			);
			runOnlyForDeploymentPostprocessing = 0;
		};
		A218F2CE1BC2AED7004C8017 /* Frameworks */ = {
			isa = PBXFrameworksBuildPhase;
			buildActionMask = 2147483647;
			files = (
			);
			runOnlyForDeploymentPostprocessing = 0;
		};
		A218F2D91BC2AED7004C8017 /* Frameworks */ = {
			isa = PBXFrameworksBuildPhase;
			buildActionMask = 2147483647;
			files = (
			);
			runOnlyForDeploymentPostprocessing = 0;
		};
/* End PBXFrameworksBuildPhase section */

/* Begin PBXGroup section */
		A218F2B11BC2AED6004C8017 = {
			isa = PBXGroup;
			children = (
				A218F2BC1BC2AED6004C8017 /* DemoQuote */,
				A218F2D41BC2AED7004C8017 /* DemoQuoteTests */,
				A218F2DF1BC2AED7004C8017 /* DemoQuoteUITests */,
				A218F2BB1BC2AED6004C8017 /* Products */,
			);
			sourceTree = "<group>";
		};
		A218F2BB1BC2AED6004C8017 /* Products */ = {
			isa = PBXGroup;
			children = (
				A218F2BA1BC2AED6004C8017 /* DemoQuote.app */,
				A218F2D11BC2AED7004C8017 /* DemoQuoteTests.xctest */,
				A218F2DC1BC2AED7004C8017 /* DemoQuoteUITests.xctest */,
			);
			name = Products;
			sourceTree = "<group>";
		};
		A218F2BC1BC2AED6004C8017 /* DemoQuote */ = {
			isa = PBXGroup;
			children = (
				A218F2BD1BC2AED6004C8017 /* AppDelegate.swift */,
				A218F2BF1BC2AED6004C8017 /* QuoteListViewController.swift */,
				A2C797331BC43E8600E6847A /* QuoteListViewModel.swift */,
				A218F2F01BC2C541004C8017 /* NewQuoteViewController.swift */,
				A2C797371BC4428B00E6847A /* NewQuoteViewModel.swift */,
				A2C797391BC49B0200E6847A /* NewQuoteViewModelDelegate.swift */,
				A218F2EE1BC2B261004C8017 /* Quote.swift */,
				A218F2C11BC2AED6004C8017 /* Main.storyboard */,
				A218F2C71BC2AED6004C8017 /* Assets.xcassets */,
				A218F2C91BC2AED6004C8017 /* LaunchScreen.storyboard */,
				A218F2CC1BC2AED6004C8017 /* Info.plist */,
				A218F2C41BC2AED6004C8017 /* DemoQuote.xcdatamodeld */,
				A2C797351BC441D100E6847A /* MyContext.swift */,
			);
			path = DemoQuote;
			sourceTree = "<group>";
		};
		A218F2D41BC2AED7004C8017 /* DemoQuoteTests */ = {
			isa = PBXGroup;
			children = (
				A218F2D51BC2AED7004C8017 /* DemoQuoteTests.swift */,
				A218F2D71BC2AED7004C8017 /* Info.plist */,
			);
			path = DemoQuoteTests;
			sourceTree = "<group>";
		};
		A218F2DF1BC2AED7004C8017 /* DemoQuoteUITests */ = {
			isa = PBXGroup;
			children = (
				A218F2E01BC2AED7004C8017 /* DemoQuoteUITests.swift */,
				A218F2E21BC2AED7004C8017 /* Info.plist */,
			);
			path = DemoQuoteUITests;
			sourceTree = "<group>";
		};
/* End PBXGroup section */

/* Begin PBXNativeTarget section */
		A218F2B91BC2AED6004C8017 /* DemoQuote */ = {
			isa = PBXNativeTarget;
			buildConfigurationList = A218F2E51BC2AED7004C8017 /* Build configuration list for PBXNativeTarget "DemoQuote" */;
			buildPhases = (
				A218F2B61BC2AED6004C8017 /* Sources */,
				A218F2B71BC2AED6004C8017 /* Frameworks */,
				A218F2B81BC2AED6004C8017 /* Resources */,
			);
			buildRules = (
			);
			dependencies = (
			);
			name = DemoQuote;
			productName = DemoQuote;
			productReference = A218F2BA1BC2AED6004C8017 /* DemoQuote.app */;
			productType = "com.apple.product-type.application";
		};
		A218F2D01BC2AED7004C8017 /* DemoQuoteTests */ = {
			isa = PBXNativeTarget;
			buildConfigurationList = A218F2E81BC2AED7004C8017 /* Build configuration list for PBXNativeTarget "DemoQuoteTests" */;
			buildPhases = (
				A218F2CD1BC2AED7004C8017 /* Sources */,
				A218F2CE1BC2AED7004C8017 /* Frameworks */,
				A218F2CF1BC2AED7004C8017 /* Resources */,
			);
			buildRules = (
			);
			dependencies = (
				A218F2D31BC2AED7004C8017 /* PBXTargetDependency */,
			);
			name = DemoQuoteTests;
			productName = DemoQuoteTests;
			productReference = A218F2D11BC2AED7004C8017 /* DemoQuoteTests.xctest */;
			productType = "com.apple.product-type.bundle.unit-test";
		};
		A218F2DB1BC2AED7004C8017 /* DemoQuoteUITests */ = {
			isa = PBXNativeTarget;
			buildConfigurationList = A218F2EB1BC2AED7004C8017 /* Build configuration list for PBXNativeTarget "DemoQuoteUITests" */;
			buildPhases = (
				A218F2D81BC2AED7004C8017 /* Sources */,
				A218F2D91BC2AED7004C8017 /* Frameworks */,
				A218F2DA1BC2AED7004C8017 /* Resources */,
			);
			buildRules = (
			);
			dependencies = (
				A218F2DE1BC2AED7004C8017 /* PBXTargetDependency */,
			);
			name = DemoQuoteUITests;
			productName = DemoQuoteUITests;
			productReference = A218F2DC1BC2AED7004C8017 /* DemoQuoteUITests.xctest */;
			productType = "com.apple.product-type.bundle.ui-testing";
		};
/* End PBXNativeTarget section */

/* Begin PBXProject section */
		A218F2B21BC2AED6004C8017 /* Project object */ = {
			isa = PBXProject;
			attributes = {
				LastUpgradeCheck = 0710;
				ORGANIZATIONNAME = "___UP1___";
				TargetAttributes = {
					A218F2B91BC2AED6004C8017 = {
						CreatedOnToolsVersion = 7.1;
					};
					A218F2D01BC2AED7004C8017 = {
						CreatedOnToolsVersion = 7.1;
						TestTargetID = A218F2B91BC2AED6004C8017;
					};
					A218F2DB1BC2AED7004C8017 = {
						CreatedOnToolsVersion = 7.1;
						TestTargetID = A218F2B91BC2AED6004C8017;
					};
				};
			};
			buildConfigurationList = A218F2B51BC2AED6004C8017 /* Build configuration list for PBXProject "DemoQuote" */;
			compatibilityVersion = "Xcode 3.2";
			developmentRegion = English;
			hasScannedForEncodings = 0;
			knownRegions = (
				en,
				Base,
			);
			mainGroup = A218F2B11BC2AED6004C8017;
			productRefGroup = A218F2BB1BC2AED6004C8017 /* Products */;
			projectDirPath = "";
			projectRoot = "";
			targets = (
				A218F2B91BC2AED6004C8017 /* DemoQuote */,
				A218F2D01BC2AED7004C8017 /* DemoQuoteTests */,
				A218F2DB1BC2AED7004C8017 /* DemoQuoteUITests */,
			);
		};
/* End PBXProject section */

/* Begin PBXResourcesBuildPhase section */
		A218F2B81BC2AED6004C8017 /* Resources */ = {
			isa = PBXResourcesBuildPhase;
			buildActionMask = 2147483647;
			files = (
				A218F2CB1BC2AED6004C8017 /* LaunchScreen.storyboard in Resources */,
				A218F2C81BC2AED6004C8017 /* Assets.xcassets in Resources */,
				A218F2C31BC2AED6004C8017 /* Main.storyboard in Resources */,
			);
			runOnlyForDeploymentPostprocessing = 0;
		};
		A218F2CF1BC2AED7004C8017 /* Resources */ = {
			isa = PBXResourcesBuildPhase;
			buildActionMask = 2147483647;
			files = (
			);
			runOnlyForDeploymentPostprocessing = 0;
		};
		A218F2DA1BC2AED7004C8017 /* Resources */ = {
			isa = PBXResourcesBuildPhase;
			buildActionMask = 2147483647;
			files = (
			);
			runOnlyForDeploymentPostprocessing = 0;
		};
/* End PBXResourcesBuildPhase section */

/* Begin PBXSourcesBuildPhase section */
		A218F2B61BC2AED6004C8017 /* Sources */ = {
			isa = PBXSourcesBuildPhase;
			buildActionMask = 2147483647;
			files = (
				A218F2EF1BC2B261004C8017 /* Quote.swift in Sources */,
				A218F2F11BC2C541004C8017 /* NewQuoteViewController.swift in Sources */,
				A2C7973A1BC49B0200E6847A /* NewQuoteViewModelDelegate.swift in Sources */,
				A2C797361BC441D100E6847A /* MyContext.swift in Sources */,
				A218F2C01BC2AED6004C8017 /* QuoteListViewController.swift in Sources */,
				A218F2BE1BC2AED6004C8017 /* AppDelegate.swift in Sources */,
				A218F2C61BC2AED6004C8017 /* DemoQuote.xcdatamodeld in Sources */,
				A2C797381BC4428B00E6847A /* NewQuoteViewModel.swift in Sources */,
				A2C797341BC43E8600E6847A /* QuoteListViewModel.swift in Sources */,
			);
			runOnlyForDeploymentPostprocessing = 0;
		};
		A218F2CD1BC2AED7004C8017 /* Sources */ = {
			isa = PBXSourcesBuildPhase;
			buildActionMask = 2147483647;
			files = (
				A218F2D61BC2AED7004C8017 /* DemoQuoteTests.swift in Sources */,
			);
			runOnlyForDeploymentPostprocessing = 0;
		};
		A218F2D81BC2AED7004C8017 /* Sources */ = {
			isa = PBXSourcesBuildPhase;
			buildActionMask = 2147483647;
			files = (
				A218F2E11BC2AED7004C8017 /* DemoQuoteUITests.swift in Sources */,
			);
			runOnlyForDeploymentPostprocessing = 0;
		};
/* End PBXSourcesBuildPhase section */

/* Begin PBXTargetDependency section */
		A218F2D31BC2AED7004C8017 /* PBXTargetDependency */ = {
			isa = PBXTargetDependency;
			target = A218F2B91BC2AED6004C8017 /* DemoQuote */;
			targetProxy = A218F2D21BC2AED7004C8017 /* PBXContainerItemProxy */;
		};
		A218F2DE1BC2AED7004C8017 /* PBXTargetDependency */ = {
			isa = PBXTargetDependency;
			target = A218F2B91BC2AED6004C8017 /* DemoQuote */;
			targetProxy = A218F2DD1BC2AED7004C8017 /* PBXContainerItemProxy */;
		};
/* End PBXTargetDependency section */

/* Begin PBXVariantGroup section */
		A218F2C11BC2AED6004C8017 /* Main.storyboard */ = {
			isa = PBXVariantGroup;
			children = (
				A218F2C21BC2AED6004C8017 /* Base */,
			);
			name = Main.storyboard;
			sourceTree = "<group>";
		};
		A218F2C91BC2AED6004C8017 /* LaunchScreen.storyboard */ = {
			isa = PBXVariantGroup;
			children = (
				A218F2CA1BC2AED6004C8017 /* Base */,
			);
			name = LaunchScreen.storyboard;
			sourceTree = "<group>";
		};
/* End PBXVariantGroup section */

/* Begin XCBuildConfiguration section */
		A218F2E31BC2AED7004C8017 /* Debug */ = {
			isa = XCBuildConfiguration;
			buildSettings = {
				ALWAYS_SEARCH_USER_PATHS = NO;
				CLANG_CXX_LANGUAGE_STANDARD = "gnu++0x";
				CLANG_CXX_LIBRARY = "libc++";
				CLANG_ENABLE_MODULES = YES;
				CLANG_ENABLE_OBJC_ARC = YES;
				CLANG_WARN_BOOL_CONVERSION = YES;
				CLANG_WARN_CONSTANT_CONVERSION = YES;
				CLANG_WARN_DIRECT_OBJC_ISA_USAGE = YES_ERROR;
				CLANG_WARN_EMPTY_BODY = YES;
				CLANG_WARN_ENUM_CONVERSION = YES;
				CLANG_WARN_INT_CONVERSION = YES;
				CLANG_WARN_OBJC_ROOT_CLASS = YES_ERROR;
				CLANG_WARN_UNREACHABLE_CODE = YES;
				CLANG_WARN__DUPLICATE_METHOD_MATCH = YES;
				"CODE_SIGN_IDENTITY[sdk=iphoneos*]" = "iPhone Developer";
				COPY_PHASE_STRIP = NO;
				DEBUG_INFORMATION_FORMAT = dwarf;
				ENABLE_STRICT_OBJC_MSGSEND = YES;
				ENABLE_TESTABILITY = YES;
				GCC_C_LANGUAGE_STANDARD = gnu99;
				GCC_DYNAMIC_NO_PIC = NO;
				GCC_NO_COMMON_BLOCKS = YES;
				GCC_OPTIMIZATION_LEVEL = 0;
				GCC_PREPROCESSOR_DEFINITIONS = (
					"DEBUG=1",
					"$(inherited)",
				);
				GCC_WARN_64_TO_32_BIT_CONVERSION = YES;
				GCC_WARN_ABOUT_RETURN_TYPE = YES_ERROR;
				GCC_WARN_UNDECLARED_SELECTOR = YES;
				GCC_WARN_UNINITIALIZED_AUTOS = YES_AGGRESSIVE;
				GCC_WARN_UNUSED_FUNCTION = YES;
				GCC_WARN_UNUSED_VARIABLE = YES;
				IPHONEOS_DEPLOYMENT_TARGET = 9.1;
				MTL_ENABLE_DEBUG_INFO = YES;
				ONLY_ACTIVE_ARCH = YES;
				SDKROOT = iphoneos;
				SWIFT_OPTIMIZATION_LEVEL = "-Onone";
				TARGETED_DEVICE_FAMILY = "1,2";
			};
			name = Debug;
		};
		A218F2E41BC2AED7004C8017 /* Release */ = {
			isa = XCBuildConfiguration;
			buildSettings = {
				ALWAYS_SEARCH_USER_PATHS = NO;
				CLANG_CXX_LANGUAGE_STANDARD = "gnu++0x";
				CLANG_CXX_LIBRARY = "libc++";
				CLANG_ENABLE_MODULES = YES;
				CLANG_ENABLE_OBJC_ARC = YES;
				CLANG_WARN_BOOL_CONVERSION = YES;
				CLANG_WARN_CONSTANT_CONVERSION = YES;
				CLANG_WARN_DIRECT_OBJC_ISA_USAGE = YES_ERROR;
				CLANG_WARN_EMPTY_BODY = YES;
				CLANG_WARN_ENUM_CONVERSION = YES;
				CLANG_WARN_INT_CONVERSION = YES;
				CLANG_WARN_OBJC_ROOT_CLASS = YES_ERROR;
				CLANG_WARN_UNREACHABLE_CODE = YES;
				CLANG_WARN__DUPLICATE_METHOD_MATCH = YES;
				"CODE_SIGN_IDENTITY[sdk=iphoneos*]" = "iPhone Developer";
				COPY_PHASE_STRIP = NO;
				DEBUG_INFORMATION_FORMAT = "dwarf-with-dsym";
				ENABLE_NS_ASSERTIONS = NO;
				ENABLE_STRICT_OBJC_MSGSEND = YES;
				GCC_C_LANGUAGE_STANDARD = gnu99;
				GCC_NO_COMMON_BLOCKS = YES;
				GCC_WARN_64_TO_32_BIT_CONVERSION = YES;
				GCC_WARN_ABOUT_RETURN_TYPE = YES_ERROR;
				GCC_WARN_UNDECLARED_SELECTOR = YES;
				GCC_WARN_UNINITIALIZED_AUTOS = YES_AGGRESSIVE;
				GCC_WARN_UNUSED_FUNCTION = YES;
				GCC_WARN_UNUSED_VARIABLE = YES;
				IPHONEOS_DEPLOYMENT_TARGET = 9.1;
				MTL_ENABLE_DEBUG_INFO = NO;
				SDKROOT = iphoneos;
				TARGETED_DEVICE_FAMILY = "1,2";
				VALIDATE_PRODUCT = YES;
			};
			name = Release;
		};
		A218F2E61BC2AED7004C8017 /* Debug */ = {
			isa = XCBuildConfiguration;
			buildSettings = {
				ASSETCATALOG_COMPILER_APPICON_NAME = AppIcon;
				INFOPLIST_FILE = DemoQuote/Info.plist;
				IPHONEOS_DEPLOYMENT_TARGET = 9.0;
				LD_RUNPATH_SEARCH_PATHS = "$(inherited) @executable_path/Frameworks";
				PRODUCT_BUNDLE_IDENTIFIER = up1.DemoQuote;
				PRODUCT_NAME = "$(TARGET_NAME)";
				TARGETED_DEVICE_FAMILY = "1,2";
			};
			name = Debug;
		};
		A218F2E71BC2AED7004C8017 /* Release */ = {
			isa = XCBuildConfiguration;
			buildSettings = {
				ASSETCATALOG_COMPILER_APPICON_NAME = AppIcon;
				INFOPLIST_FILE = DemoQuote/Info.plist;
				IPHONEOS_DEPLOYMENT_TARGET = 9.0;
				LD_RUNPATH_SEARCH_PATHS = "$(inherited) @executable_path/Frameworks";
				PRODUCT_BUNDLE_IDENTIFIER = up1.DemoQuote;
				PRODUCT_NAME = "$(TARGET_NAME)";
				TARGETED_DEVICE_FAMILY = "1,2";
			};
			name = Release;
		};
		A218F2E91BC2AED7004C8017 /* Debug */ = {
			isa = XCBuildConfiguration;
			buildSettings = {
				BUNDLE_LOADER = "$(TEST_HOST)";
				INFOPLIST_FILE = DemoQuoteTests/Info.plist;
				LD_RUNPATH_SEARCH_PATHS = "$(inherited) @executable_path/Frameworks @loader_path/Frameworks";
				PRODUCT_BUNDLE_IDENTIFIER = up1.DemoQuoteTests;
				PRODUCT_NAME = "$(TARGET_NAME)";
				TEST_HOST = "$(BUILT_PRODUCTS_DIR)/DemoQuote.app/DemoQuote";
			};
			name = Debug;
		};
		A218F2EA1BC2AED7004C8017 /* Release */ = {
			isa = XCBuildConfiguration;
			buildSettings = {
				BUNDLE_LOADER = "$(TEST_HOST)";
				INFOPLIST_FILE = DemoQuoteTests/Info.plist;
				LD_RUNPATH_SEARCH_PATHS = "$(inherited) @executable_path/Frameworks @loader_path/Frameworks";
				PRODUCT_BUNDLE_IDENTIFIER = up1.DemoQuoteTests;
				PRODUCT_NAME = "$(TARGET_NAME)";
				TEST_HOST = "$(BUILT_PRODUCTS_DIR)/DemoQuote.app/DemoQuote";
			};
			name = Release;
		};
		A218F2EC1BC2AED7004C8017 /* Debug */ = {
			isa = XCBuildConfiguration;
			buildSettings = {
				INFOPLIST_FILE = DemoQuoteUITests/Info.plist;
				LD_RUNPATH_SEARCH_PATHS = "$(inherited) @executable_path/Frameworks @loader_path/Frameworks";
				PRODUCT_BUNDLE_IDENTIFIER = up1.DemoQuoteUITests;
				PRODUCT_NAME = "$(TARGET_NAME)";
				TEST_TARGET_NAME = DemoQuote;
				USES_XCTRUNNER = YES;
			};
			name = Debug;
		};
		A218F2ED1BC2AED7004C8017 /* Release */ = {
			isa = XCBuildConfiguration;
			buildSettings = {
				INFOPLIST_FILE = DemoQuoteUITests/Info.plist;
				LD_RUNPATH_SEARCH_PATHS = "$(inherited) @executable_path/Frameworks @loader_path/Frameworks";
				PRODUCT_BUNDLE_IDENTIFIER = up1.DemoQuoteUITests;
				PRODUCT_NAME = "$(TARGET_NAME)";
				TEST_TARGET_NAME = DemoQuote;
				USES_XCTRUNNER = YES;
			};
			name = Release;
		};
/* End XCBuildConfiguration section */

/* Begin XCConfigurationList section */
		A218F2B51BC2AED6004C8017 /* Build configuration list for PBXProject "DemoQuote" */ = {
			isa = XCConfigurationList;
			buildConfigurations = (
				A218F2E31BC2AED7004C8017 /* Debug */,
				A218F2E41BC2AED7004C8017 /* Release */,
			);
			defaultConfigurationIsVisible = 0;
			defaultConfigurationName = Release;
		};
		A218F2E51BC2AED7004C8017 /* Build configuration list for PBXNativeTarget "DemoQuote" */ = {
			isa = XCConfigurationList;
			buildConfigurations = (
				A218F2E61BC2AED7004C8017 /* Debug */,
				A218F2E71BC2AED7004C8017 /* Release */,
			);
			defaultConfigurationIsVisible = 0;
			defaultConfigurationName = Release;
		};
		A218F2E81BC2AED7004C8017 /* Build configuration list for PBXNativeTarget "DemoQuoteTests" */ = {
			isa = XCConfigurationList;
			buildConfigurations = (
				A218F2E91BC2AED7004C8017 /* Debug */,
				A218F2EA1BC2AED7004C8017 /* Release */,
			);
			defaultConfigurationIsVisible = 0;
			defaultConfigurationName = Release;
		};
		A218F2EB1BC2AED7004C8017 /* Build configuration list for PBXNativeTarget "DemoQuoteUITests" */ = {
			isa = XCConfigurationList;
			buildConfigurations = (
				A218F2EC1BC2AED7004C8017 /* Debug */,
				A218F2ED1BC2AED7004C8017 /* Release */,
			);
			defaultConfigurationIsVisible = 0;
			defaultConfigurationName = Release;
		};
/* End XCConfigurationList section */

/* Begin XCVersionGroup section */
		A218F2C41BC2AED6004C8017 /* DemoQuote.xcdatamodeld */ = {
			isa = XCVersionGroup;
			children = (
				A218F2C51BC2AED6004C8017 /* DemoQuote.xcdatamodel */,
			);
			currentVersion = A218F2C51BC2AED6004C8017 /* DemoQuote.xcdatamodel */;
			path = DemoQuote.xcdatamodeld;
			sourceTree = "<group>";
			versionGroupType = wrapper.xcdatamodel;
		};
/* End XCVersionGroup section */
	};
	rootObject = A218F2B21BC2AED6004C8017 /* Project object */;
}
